
Microsoft Visual Studio Solution File, Format Version 12.00
# Visual Studio Version 16
VisualStudioVersion = 16.0.31702.278
MinimumVisualStudioVersion = 10.0.40219.1
Project("{FAE04EC0-301F-11D3-BF4B-00C04F79EFBC}") = "Testform", "Testform\Testform.csproj", "{45949E2F-62C1-4D55-BB23-11AC5A37135D}"
EndProject
Global
	GlobalSection(SolutionConfigurationPlatforms) = preSolution
		Debug|Any CPU = Debug|Any CPU
		Release|Any CPU = Release|Any CPU
	EndGlobalSection
	GlobalSection(ProjectConfigurationPlatforms) = postSolution
		{45949E2F-62C1-4D55-BB23-11AC5A37135D}.Debug|Any CPU.ActiveCfg = Debug|Any CPU
		{45949E2F-62C1-4D55-BB23-11AC5A37135D}.Debug|Any CPU.Build.0 = Debug|Any CPU
		{45949E2F-62C1-4D55-BB23-11AC5A37135D}.Release|Any CPU.ActiveCfg = Release|Any CPU
		{45949E2F-62C1-4D55-BB23-11AC5A37135D}.Release|Any CPU.Build.0 = Release|Any CPU
	EndGlobalSection
	GlobalSection(SolutionProperties) = preSolution
		HideSolutionNode = FALSE
	EndGlobalSection
	GlobalSection(ExtensibilityGlobals) = postSolution
		SolutionGuid = {F6352B3E-E7A4-4A9C-9025-E83CC426666A}
	EndGlobalSection
EndGlobal
